
Microsoft Visual Studio Solution File, Format Version 12.00
# Visual Studio Version 17
VisualStudioVersion = 17.8.34330.188
MinimumVisualStudioVersion = 10.0.40219.1
Project("{FAE04EC0-301F-11D3-BF4B-00C04F79EFBC}") = "git", "git\git.csproj", "{B9225ECD-7D30-411E-9E84-BA631A2676CA}"
EndProject
Global
	GlobalSection(SolutionConfigurationPlatforms) = preSolution
		Debug|Any CPU = Debug|Any CPU
		Release|Any CPU = Release|Any CPU
	EndGlobalSection
	GlobalSection(ProjectConfigurationPlatforms) = postSolution
		{B9225ECD-7D30-411E-9E84-BA631A2676CA}.Debug|Any CPU.ActiveCfg = Debug|Any CPU
		{B9225ECD-7D30-411E-9E84-BA631A2676CA}.Debug|Any CPU.Build.0 = Debug|Any CPU
		{B9225ECD-7D30-411E-9E84-BA631A2676CA}.Release|Any CPU.ActiveCfg = Release|Any CPU
		{B9225ECD-7D30-411E-9E84-BA631A2676CA}.Release|Any CPU.Build.0 = Release|Any CPU
	EndGlobalSection
	GlobalSection(SolutionProperties) = preSolution
		HideSolutionNode = FALSE
	EndGlobalSection
	GlobalSection(ExtensibilityGlobals) = postSolution
		SolutionGuid = {B640D212-0A56-4D23-AF5B-7FCCD6221F32}
	EndGlobalSection
EndGlobal
